
Microsoft Visual Studio Solution File, Format Version 12.00
# Visual Studio 2013
VisualStudioVersion = 12.0.31101.0
MinimumVisualStudioVersion = 10.0.40219.1
Project("{F2A71F9B-5D33-465A-A702-920D77279786}") = "Optic", "Optic\Optic.fsproj", "{4905B21C-22B8-4557-8133-35DC290F2E48}"
EndProject
Project("{F2A71F9B-5D33-465A-A702-920D77279786}") = "Optic.Tests", "Optic.Tests\Optic.Tests.fsproj", "{851667F8-712D-46EC-A62F-867780787B57}"
EndProject
Project("{2150E333-8FDC-42A3-9474-1A3956D46DE8}") = ".nuget", ".nuget", "{A7B50559-8D86-4565-8D41-A94CC29B593F}"
	ProjectSection(SolutionItems) = preProject
		.nuget\NuGet.Config = .nuget\NuGet.Config
		.nuget\NuGet.exe = .nuget\NuGet.exe
		.nuget\NuGet.targets = .nuget\NuGet.targets
	EndProjectSection
EndProject
Global
	GlobalSection(SolutionConfigurationPlatforms) = preSolution
		Debug|Any CPU = Debug|Any CPU
		Release|Any CPU = Release|Any CPU
	EndGlobalSection
	GlobalSection(ProjectConfigurationPlatforms) = postSolution
		{4905B21C-22B8-4557-8133-35DC290F2E48}.Debug|Any CPU.ActiveCfg = Debug|Any CPU
		{4905B21C-22B8-4557-8133-35DC290F2E48}.Debug|Any CPU.Build.0 = Debug|Any CPU
		{4905B21C-22B8-4557-8133-35DC290F2E48}.Release|Any CPU.ActiveCfg = Release|Any CPU
		{4905B21C-22B8-4557-8133-35DC290F2E48}.Release|Any CPU.Build.0 = Release|Any CPU
		{851667F8-712D-46EC-A62F-867780787B57}.Debug|Any CPU.ActiveCfg = Debug|Any CPU
		{851667F8-712D-46EC-A62F-867780787B57}.Debug|Any CPU.Build.0 = Debug|Any CPU
		{851667F8-712D-46EC-A62F-867780787B57}.Release|Any CPU.ActiveCfg = Release|Any CPU
		{851667F8-712D-46EC-A62F-867780787B57}.Release|Any CPU.Build.0 = Release|Any CPU
	EndGlobalSection
	GlobalSection(SolutionProperties) = preSolution
		HideSolutionNode = FALSE
	EndGlobalSection
EndGlobal
